// !$*UTF8*$!
{
	archiveVersion = 1;
	classes = {
	};
	objectVersion = 56;
	objects = {

/* Begin PBXBuildFile section */
		656729A22B4E724A00CF1B0C /* AppDelegate.swift in Sources */ = {isa = PBXBuildFile; fileRef = 656729A12B4E724A00CF1B0C /* AppDelegate.swift */; };
		656729A42B4E724A00CF1B0C /* SceneDelegate.swift in Sources */ = {isa = PBXBuildFile; fileRef = 656729A32B4E724A00CF1B0C /* SceneDelegate.swift */; };
		656729A62B4E724A00CF1B0C /* SpellListViewController.swift in Sources */ = {isa = PBXBuildFile; fileRef = 656729A52B4E724A00CF1B0C /* SpellListViewController.swift */; };
		656729A92B4E724A00CF1B0C /* Main.storyboard in Resources */ = {isa = PBXBuildFile; fileRef = 656729A72B4E724A00CF1B0C /* Main.storyboard */; };
		656729AB2B4E724C00CF1B0C /* Assets.xcassets in Resources */ = {isa = PBXBuildFile; fileRef = 656729AA2B4E724C00CF1B0C /* Assets.xcassets */; };
		656729AE2B4E724C00CF1B0C /* LaunchScreen.storyboard in Resources */ = {isa = PBXBuildFile; fileRef = 656729AC2B4E724C00CF1B0C /* LaunchScreen.storyboard */; };
		656729B82B4E801000CF1B0C /* Spell.swift in Sources */ = {isa = PBXBuildFile; fileRef = 656729B72B4E801000CF1B0C /* Spell.swift */; };
		656729BA2B4EDCBD00CF1B0C /* SpellListViewController+DataSource.swift in Sources */ = {isa = PBXBuildFile; fileRef = 656729B92B4EDCBD00CF1B0C /* SpellListViewController+DataSource.swift */; };
		656729BE2B4EE59700CF1B0C /* InvokeToolbarView.swift in Sources */ = {isa = PBXBuildFile; fileRef = 656729BD2B4EE59700CF1B0C /* InvokeToolbarView.swift */; };
		656729C02B4F065C00CF1B0C /* InvokeHeaderView.swift in Sources */ = {isa = PBXBuildFile; fileRef = 656729BF2B4F065C00CF1B0C /* InvokeHeaderView.swift */; };
		656729C62B4FC0B200CF1B0C /* SpellListViewController+Actions.swift in Sources */ = {isa = PBXBuildFile; fileRef = 656729C52B4FC0B200CF1B0C /* SpellListViewController+Actions.swift */; };
		656729CB2B4FC57E00CF1B0C /* SpellGuideListViewController.swift in Sources */ = {isa = PBXBuildFile; fileRef = 656729CA2B4FC57E00CF1B0C /* SpellGuideListViewController.swift */; };
		656729D02B4FD67900CF1B0C /* SpellsStorage.swift in Sources */ = {isa = PBXBuildFile; fileRef = 656729CF2B4FD67900CF1B0C /* SpellsStorage.swift */; };
		656729D22B4FD6C400CF1B0C /* FileManager+Spell.swift in Sources */ = {isa = PBXBuildFile; fileRef = 656729D12B4FD6C400CF1B0C /* FileManager+Spell.swift */; };
/* End PBXBuildFile section */

/* Begin PBXFileReference section */
		6567299E2B4E724A00CF1B0C /* InvokerApp.app */ = {isa = PBXFileReference; explicitFileType = wrapper.application; includeInIndex = 0; path = InvokerApp.app; sourceTree = BUILT_PRODUCTS_DIR; };
		656729A12B4E724A00CF1B0C /* AppDelegate.swift */ = {isa = PBXFileReference; lastKnownFileType = sourcecode.swift; path = AppDelegate.swift; sourceTree = "<group>"; };
		656729A32B4E724A00CF1B0C /* SceneDelegate.swift */ = {isa = PBXFileReference; lastKnownFileType = sourcecode.swift; path = SceneDelegate.swift; sourceTree = "<group>"; };
		656729A52B4E724A00CF1B0C /* SpellListViewController.swift */ = {isa = PBXFileReference; lastKnownFileType = sourcecode.swift; path = SpellListViewController.swift; sourceTree = "<group>"; };
		656729A82B4E724A00CF1B0C /* Base */ = {isa = PBXFileReference; lastKnownFileType = file.storyboard; name = Base; path = Base.lproj/Main.storyboard; sourceTree = "<group>"; };
		656729AA2B4E724C00CF1B0C /* Assets.xcassets */ = {isa = PBXFileReference; lastKnownFileType = folder.assetcatalog; path = Assets.xcassets; sourceTree = "<group>"; };
		656729AD2B4E724C00CF1B0C /* Base */ = {isa = PBXFileReference; lastKnownFileType = file.storyboard; name = Base; path = Base.lproj/LaunchScreen.storyboard; sourceTree = "<group>"; };
		656729AF2B4E724C00CF1B0C /* Info.plist */ = {isa = PBXFileReference; lastKnownFileType = text.plist.xml; path = Info.plist; sourceTree = "<group>"; };
		656729B72B4E801000CF1B0C /* Spell.swift */ = {isa = PBXFileReference; lastKnownFileType = sourcecode.swift; path = Spell.swift; sourceTree = "<group>"; };
		656729B92B4EDCBD00CF1B0C /* SpellListViewController+DataSource.swift */ = {isa = PBXFileReference; lastKnownFileType = sourcecode.swift; path = "SpellListViewController+DataSource.swift"; sourceTree = "<group>"; };
		656729BD2B4EE59700CF1B0C /* InvokeToolbarView.swift */ = {isa = PBXFileReference; lastKnownFileType = sourcecode.swift; path = InvokeToolbarView.swift; sourceTree = "<group>"; };
		656729BF2B4F065C00CF1B0C /* InvokeHeaderView.swift */ = {isa = PBXFileReference; lastKnownFileType = sourcecode.swift; path = InvokeHeaderView.swift; sourceTree = "<group>"; };
		656729C52B4FC0B200CF1B0C /* SpellListViewController+Actions.swift */ = {isa = PBXFileReference; lastKnownFileType = sourcecode.swift; path = "SpellListViewController+Actions.swift"; sourceTree = "<group>"; };
		656729CA2B4FC57E00CF1B0C /* SpellGuideListViewController.swift */ = {isa = PBXFileReference; lastKnownFileType = sourcecode.swift; path = SpellGuideListViewController.swift; sourceTree = "<group>"; };
		656729CF2B4FD67900CF1B0C /* SpellsStorage.swift */ = {isa = PBXFileReference; lastKnownFileType = sourcecode.swift; path = SpellsStorage.swift; sourceTree = "<group>"; };
		656729D12B4FD6C400CF1B0C /* FileManager+Spell.swift */ = {isa = PBXFileReference; lastKnownFileType = sourcecode.swift; path = "FileManager+Spell.swift"; sourceTree = "<group>"; };
/* End PBXFileReference section */

/* Begin PBXFrameworksBuildPhase section */
		6567299B2B4E724A00CF1B0C /* Frameworks */ = {
			isa = PBXFrameworksBuildPhase;
			buildActionMask = 2147483647;
			files = (
			);
			runOnlyForDeploymentPostprocessing = 0;
		};
/* End PBXFrameworksBuildPhase section */

/* Begin PBXGroup section */
		656729952B4E724A00CF1B0C = {
			isa = PBXGroup;
			children = (
				656729A02B4E724A00CF1B0C /* InvokerApp */,
				6567299F2B4E724A00CF1B0C /* Products */,
			);
			sourceTree = "<group>";
		};
		6567299F2B4E724A00CF1B0C /* Products */ = {
			isa = PBXGroup;
			children = (
				6567299E2B4E724A00CF1B0C /* InvokerApp.app */,
			);
			name = Products;
			sourceTree = "<group>";
		};
		656729A02B4E724A00CF1B0C /* InvokerApp */ = {
			isa = PBXGroup;
			children = (
				656729A12B4E724A00CF1B0C /* AppDelegate.swift */,
				656729A32B4E724A00CF1B0C /* SceneDelegate.swift */,
				656729BB2B4EE54900CF1B0C /* ListViewController */,
				656729CC2B4FC89B00CF1B0C /* SpellGuideListViewController */,
				656729BC2B4EE55600CF1B0C /* Models */,
				656729A72B4E724A00CF1B0C /* Main.storyboard */,
				656729AA2B4E724C00CF1B0C /* Assets.xcassets */,
				656729AC2B4E724C00CF1B0C /* LaunchScreen.storyboard */,
				656729AF2B4E724C00CF1B0C /* Info.plist */,
			);
			path = InvokerApp;
			sourceTree = "<group>";
		};
		656729BB2B4EE54900CF1B0C /* ListViewController */ = {
			isa = PBXGroup;
			children = (
				656729A52B4E724A00CF1B0C /* SpellListViewController.swift */,
				656729B92B4EDCBD00CF1B0C /* SpellListViewController+DataSource.swift */,
				656729C52B4FC0B200CF1B0C /* SpellListViewController+Actions.swift */,
				656729BD2B4EE59700CF1B0C /* InvokeToolbarView.swift */,
				656729BF2B4F065C00CF1B0C /* InvokeHeaderView.swift */,
			);
			path = ListViewController;
			sourceTree = "<group>";
		};
		656729BC2B4EE55600CF1B0C /* Models */ = {
			isa = PBXGroup;
			children = (
				656729B72B4E801000CF1B0C /* Spell.swift */,
				656729CF2B4FD67900CF1B0C /* SpellsStorage.swift */,
				656729D12B4FD6C400CF1B0C /* FileManager+Spell.swift */,
			);
			path = Models;
			sourceTree = "<group>";
		};
		656729CC2B4FC89B00CF1B0C /* SpellGuideListViewController */ = {
			isa = PBXGroup;
			children = (
				656729CA2B4FC57E00CF1B0C /* SpellGuideListViewController.swift */,
			);
			path = SpellGuideListViewController;
			sourceTree = "<group>";
		};
/* End PBXGroup section */

/* Begin PBXNativeTarget section */
		6567299D2B4E724A00CF1B0C /* InvokerApp */ = {
			isa = PBXNativeTarget;
			buildConfigurationList = 656729B22B4E724C00CF1B0C /* Build configuration list for PBXNativeTarget "InvokerApp" */;
			buildPhases = (
				6567299A2B4E724A00CF1B0C /* Sources */,
				6567299B2B4E724A00CF1B0C /* Frameworks */,
				6567299C2B4E724A00CF1B0C /* Resources */,
			);
			buildRules = (
			);
			dependencies = (
			);
			name = InvokerApp;
			productName = InvokerApp;
			productReference = 6567299E2B4E724A00CF1B0C /* InvokerApp.app */;
			productType = "com.apple.product-type.application";
		};
/* End PBXNativeTarget section */

/* Begin PBXProject section */
		656729962B4E724A00CF1B0C /* Project object */ = {
			isa = PBXProject;
			attributes = {
				BuildIndependentTargetsInParallel = 1;
				LastSwiftUpdateCheck = 1510;
				LastUpgradeCheck = 1510;
				TargetAttributes = {
					6567299D2B4E724A00CF1B0C = {
						CreatedOnToolsVersion = 15.1;
					};
				};
			};
			buildConfigurationList = 656729992B4E724A00CF1B0C /* Build configuration list for PBXProject "InvokerApp" */;
			compatibilityVersion = "Xcode 14.0";
			developmentRegion = en;
			hasScannedForEncodings = 0;
			knownRegions = (
				en,
				Base,
			);
			mainGroup = 656729952B4E724A00CF1B0C;
			productRefGroup = 6567299F2B4E724A00CF1B0C /* Products */;
			projectDirPath = "";
			projectRoot = "";
			targets = (
				6567299D2B4E724A00CF1B0C /* InvokerApp */,
			);
		};
/* End PBXProject section */

/* Begin PBXResourcesBuildPhase section */
		6567299C2B4E724A00CF1B0C /* Resources */ = {
			isa = PBXResourcesBuildPhase;
			buildActionMask = 2147483647;
			files = (
				656729AE2B4E724C00CF1B0C /* LaunchScreen.storyboard in Resources */,
				656729AB2B4E724C00CF1B0C /* Assets.xcassets in Resources */,
				656729A92B4E724A00CF1B0C /* Main.storyboard in Resources */,
			);
			runOnlyForDeploymentPostprocessing = 0;
		};
/* End PBXResourcesBuildPhase section */

/* Begin PBXSourcesBuildPhase section */
		6567299A2B4E724A00CF1B0C /* Sources */ = {
			isa = PBXSourcesBuildPhase;
			buildActionMask = 2147483647;
			files = (
				656729D02B4FD67900CF1B0C /* SpellsStorage.swift in Sources */,
				656729A62B4E724A00CF1B0C /* SpellListViewController.swift in Sources */,
				656729BE2B4EE59700CF1B0C /* InvokeToolbarView.swift in Sources */,
				656729D22B4FD6C400CF1B0C /* FileManager+Spell.swift in Sources */,
				656729A22B4E724A00CF1B0C /* AppDelegate.swift in Sources */,
				656729BA2B4EDCBD00CF1B0C /* SpellListViewController+DataSource.swift in Sources */,
				656729CB2B4FC57E00CF1B0C /* SpellGuideListViewController.swift in Sources */,
				656729C02B4F065C00CF1B0C /* InvokeHeaderView.swift in Sources */,
				656729B82B4E801000CF1B0C /* Spell.swift in Sources */,
				656729A42B4E724A00CF1B0C /* SceneDelegate.swift in Sources */,
				656729C62B4FC0B200CF1B0C /* SpellListViewController+Actions.swift in Sources */,
			);
			runOnlyForDeploymentPostprocessing = 0;
		};
/* End PBXSourcesBuildPhase section */

/* Begin PBXVariantGroup section */
		656729A72B4E724A00CF1B0C /* Main.storyboard */ = {
			isa = PBXVariantGroup;
			children = (
				656729A82B4E724A00CF1B0C /* Base */,
			);
			name = Main.storyboard;
			sourceTree = "<group>";
		};
		656729AC2B4E724C00CF1B0C /* LaunchScreen.storyboard */ = {
			isa = PBXVariantGroup;
			children = (
				656729AD2B4E724C00CF1B0C /* Base */,
			);
			name = LaunchScreen.storyboard;
			sourceTree = "<group>";
		};
/* End PBXVariantGroup section */

/* Begin XCBuildConfiguration section */
		656729B02B4E724C00CF1B0C /* Debug */ = {
			isa = XCBuildConfiguration;
			buildSettings = {
				ALWAYS_SEARCH_USER_PATHS = NO;
				ASSETCATALOG_COMPILER_GENERATE_SWIFT_ASSET_SYMBOL_EXTENSIONS = YES;
				CLANG_ANALYZER_NONNULL = YES;
				CLANG_ANALYZER_NUMBER_OBJECT_CONVERSION = YES_AGGRESSIVE;
				CLANG_CXX_LANGUAGE_STANDARD = "gnu++20";
				CLANG_ENABLE_MODULES = YES;
				CLANG_ENABLE_OBJC_ARC = YES;
				CLANG_ENABLE_OBJC_WEAK = YES;
				CLANG_WARN_BLOCK_CAPTURE_AUTORELEASING = YES;
				CLANG_WARN_BOOL_CONVERSION = YES;
				CLANG_WARN_COMMA = YES;
				CLANG_WARN_CONSTANT_CONVERSION = YES;
				CLANG_WARN_DEPRECATED_OBJC_IMPLEMENTATIONS = YES;
				CLANG_WARN_DIRECT_OBJC_ISA_USAGE = YES_ERROR;
				CLANG_WARN_DOCUMENTATION_COMMENTS = YES;
				CLANG_WARN_EMPTY_BODY = YES;
				CLANG_WARN_ENUM_CONVERSION = YES;
				CLANG_WARN_INFINITE_RECURSION = YES;
				CLANG_WARN_INT_CONVERSION = YES;
				CLANG_WARN_NON_LITERAL_NULL_CONVERSION = YES;
				CLANG_WARN_OBJC_IMPLICIT_RETAIN_SELF = YES;
				CLANG_WARN_OBJC_LITERAL_CONVERSION = YES;
				CLANG_WARN_OBJC_ROOT_CLASS = YES_ERROR;
				CLANG_WARN_QUOTED_INCLUDE_IN_FRAMEWORK_HEADER = YES;
				CLANG_WARN_RANGE_LOOP_ANALYSIS = YES;
				CLANG_WARN_STRICT_PROTOTYPES = YES;
				CLANG_WARN_SUSPICIOUS_MOVE = YES;
				CLANG_WARN_UNGUARDED_AVAILABILITY = YES_AGGRESSIVE;
				CLANG_WARN_UNREACHABLE_CODE = YES;
				CLANG_WARN__DUPLICATE_METHOD_MATCH = YES;
				COPY_PHASE_STRIP = NO;
				DEBUG_INFORMATION_FORMAT = dwarf;
				ENABLE_STRICT_OBJC_MSGSEND = YES;
				ENABLE_TESTABILITY = YES;
				ENABLE_USER_SCRIPT_SANDBOXING = YES;
				GCC_C_LANGUAGE_STANDARD = gnu17;
				GCC_DYNAMIC_NO_PIC = NO;
				GCC_NO_COMMON_BLOCKS = YES;
				GCC_OPTIMIZATION_LEVEL = 0;
				GCC_PREPROCESSOR_DEFINITIONS = (
					"DEBUG=1",
					"$(inherited)",
				);
				GCC_WARN_64_TO_32_BIT_CONVERSION = YES;
				GCC_WARN_ABOUT_RETURN_TYPE = YES_ERROR;
				GCC_WARN_UNDECLARED_SELECTOR = YES;
				GCC_WARN_UNINITIALIZED_AUTOS = YES_AGGRESSIVE;
				GCC_WARN_UNUSED_FUNCTION = YES;
				GCC_WARN_UNUSED_VARIABLE = YES;
				IPHONEOS_DEPLOYMENT_TARGET = 17.2;
				LOCALIZATION_PREFERS_STRING_CATALOGS = YES;
				MTL_ENABLE_DEBUG_INFO = INCLUDE_SOURCE;
				MTL_FAST_MATH = YES;
				ONLY_ACTIVE_ARCH = YES;
				SDKROOT = iphoneos;
				SWIFT_ACTIVE_COMPILATION_CONDITIONS = "DEBUG $(inherited)";
				SWIFT_OPTIMIZATION_LEVEL = "-Onone";
			};
			name = Debug;
		};
		656729B12B4E724C00CF1B0C /* Release */ = {
			isa = XCBuildConfiguration;
			buildSettings = {
				ALWAYS_SEARCH_USER_PATHS = NO;
				ASSETCATALOG_COMPILER_GENERATE_SWIFT_ASSET_SYMBOL_EXTENSIONS = YES;
				CLANG_ANALYZER_NONNULL = YES;
				CLANG_ANALYZER_NUMBER_OBJECT_CONVERSION = YES_AGGRESSIVE;
				CLANG_CXX_LANGUAGE_STANDARD = "gnu++20";
				CLANG_ENABLE_MODULES = YES;
				CLANG_ENABLE_OBJC_ARC = YES;
				CLANG_ENABLE_OBJC_WEAK = YES;
				CLANG_WARN_BLOCK_CAPTURE_AUTORELEASING = YES;
				CLANG_WARN_BOOL_CONVERSION = YES;
				CLANG_WARN_COMMA = YES;
				CLANG_WARN_CONSTANT_CONVERSION = YES;
				CLANG_WARN_DEPRECATED_OBJC_IMPLEMENTATIONS = YES;
				CLANG_WARN_DIRECT_OBJC_ISA_USAGE = YES_ERROR;
				CLANG_WARN_DOCUMENTATION_COMMENTS = YES;
				CLANG_WARN_EMPTY_BODY = YES;
				CLANG_WARN_ENUM_CONVERSION = YES;
				CLANG_WARN_INFINITE_RECURSION = YES;
				CLANG_WARN_INT_CONVERSION = YES;
				CLANG_WARN_NON_LITERAL_NULL_CONVERSION = YES;
				CLANG_WARN_OBJC_IMPLICIT_RETAIN_SELF = YES;
				CLANG_WARN_OBJC_LITERAL_CONVERSION = YES;
				CLANG_WARN_OBJC_ROOT_CLASS = YES_ERROR;
				CLANG_WARN_QUOTED_INCLUDE_IN_FRAMEWORK_HEADER = YES;
				CLANG_WARN_RANGE_LOOP_ANALYSIS = YES;
				CLANG_WARN_STRICT_PROTOTYPES = YES;
				CLANG_WARN_SUSPICIOUS_MOVE = YES;
				CLANG_WARN_UNGUARDED_AVAILABILITY = YES_AGGRESSIVE;
				CLANG_WARN_UNREACHABLE_CODE = YES;
				CLANG_WARN__DUPLICATE_METHOD_MATCH = YES;
				COPY_PHASE_STRIP = NO;
				DEBUG_INFORMATION_FORMAT = "dwarf-with-dsym";
				ENABLE_NS_ASSERTIONS = NO;
				ENABLE_STRICT_OBJC_MSGSEND = YES;
				ENABLE_USER_SCRIPT_SANDBOXING = YES;
				GCC_C_LANGUAGE_STANDARD = gnu17;
				GCC_NO_COMMON_BLOCKS = YES;
				GCC_WARN_64_TO_32_BIT_CONVERSION = YES;
				GCC_WARN_ABOUT_RETURN_TYPE = YES_ERROR;
				GCC_WARN_UNDECLARED_SELECTOR = YES;
				GCC_WARN_UNINITIALIZED_AUTOS = YES_AGGRESSIVE;
				GCC_WARN_UNUSED_FUNCTION = YES;
				GCC_WARN_UNUSED_VARIABLE = YES;
				IPHONEOS_DEPLOYMENT_TARGET = 17.2;
				LOCALIZATION_PREFERS_STRING_CATALOGS = YES;
				MTL_ENABLE_DEBUG_INFO = NO;
				MTL_FAST_MATH = YES;
				SDKROOT = iphoneos;
				SWIFT_COMPILATION_MODE = wholemodule;
				VALIDATE_PRODUCT = YES;
			};
			name = Release;
		};
		656729B32B4E724C00CF1B0C /* Debug */ = {
			isa = XCBuildConfiguration;
			buildSettings = {
				ASSETCATALOG_COMPILER_APPICON_NAME = AppIcon;
				ASSETCATALOG_COMPILER_GLOBAL_ACCENT_COLOR_NAME = AccentColor;
				CODE_SIGN_STYLE = Automatic;
				CURRENT_PROJECT_VERSION = 1;
				DEVELOPMENT_TEAM = 9MCN5686MN;
				GENERATE_INFOPLIST_FILE = YES;
				INFOPLIST_FILE = InvokerApp/Info.plist;
				INFOPLIST_KEY_UIApplicationSupportsIndirectInputEvents = YES;
				INFOPLIST_KEY_UILaunchStoryboardName = LaunchScreen;
				INFOPLIST_KEY_UIMainStoryboardFile = Main;
				INFOPLIST_KEY_UISupportedInterfaceOrientations = UIInterfaceOrientationPortrait;
				INFOPLIST_KEY_UISupportedInterfaceOrientations_iPad = "UIInterfaceOrientationPortrait UIInterfaceOrientationPortraitUpsideDown";
				IPHONEOS_DEPLOYMENT_TARGET = 16.4;
				LD_RUNPATH_SEARCH_PATHS = (
					"$(inherited)",
					"@executable_path/Frameworks",
				);
				MARKETING_VERSION = 1.0;
				PRODUCT_BUNDLE_IDENTIFIER = com.yugasamuel.InvokerApp;
				PRODUCT_NAME = "$(TARGET_NAME)";
				SUPPORTED_PLATFORMS = "iphoneos iphonesimulator";
				SUPPORTS_MACCATALYST = NO;
				SUPPORTS_MAC_DESIGNED_FOR_IPHONE_IPAD = NO;
				SWIFT_EMIT_LOC_STRINGS = YES;
				SWIFT_VERSION = 5.0;
				TARGETED_DEVICE_FAMILY = "1,2";
			};
			name = Debug;
		};
		656729B42B4E724C00CF1B0C /* Release */ = {
			isa = XCBuildConfiguration;
			buildSettings = {
				ASSETCATALOG_COMPILER_APPICON_NAME = AppIcon;
				ASSETCATALOG_COMPILER_GLOBAL_ACCENT_COLOR_NAME = AccentColor;
				CODE_SIGN_STYLE = Automatic;
				CURRENT_PROJECT_VERSION = 1;
				DEVELOPMENT_TEAM = 9MCN5686MN;
				GENERATE_INFOPLIST_FILE = YES;
				INFOPLIST_FILE = InvokerApp/Info.plist;
				INFOPLIST_KEY_UIApplicationSupportsIndirectInputEvents = YES;
				INFOPLIST_KEY_UILaunchStoryboardName = LaunchScreen;
				INFOPLIST_KEY_UIMainStoryboardFile = Main;
				INFOPLIST_KEY_UISupportedInterfaceOrientations = UIInterfaceOrientationPortrait;
				INFOPLIST_KEY_UISupportedInterfaceOrientations_iPad = "UIInterfaceOrientationPortrait UIInterfaceOrientationPortraitUpsideDown";
				IPHONEOS_DEPLOYMENT_TARGET = 16.4;
				LD_RUNPATH_SEARCH_PATHS = (
					"$(inherited)",
					"@executable_path/Frameworks",
				);
				MARKETING_VERSION = 1.0;
				PRODUCT_BUNDLE_IDENTIFIER = com.yugasamuel.InvokerApp;
				PRODUCT_NAME = "$(TARGET_NAME)";
				SUPPORTED_PLATFORMS = "iphoneos iphonesimulator";
				SUPPORTS_MACCATALYST = NO;
				SUPPORTS_MAC_DESIGNED_FOR_IPHONE_IPAD = NO;
				SWIFT_EMIT_LOC_STRINGS = YES;
				SWIFT_VERSION = 5.0;
				TARGETED_DEVICE_FAMILY = "1,2";
			};
			name = Release;
		};
/* End XCBuildConfiguration section */

/* Begin XCConfigurationList section */
		656729992B4E724A00CF1B0C /* Build configuration list for PBXProject "InvokerApp" */ = {
			isa = XCConfigurationList;
			buildConfigurations = (
				656729B02B4E724C00CF1B0C /* Debug */,
				656729B12B4E724C00CF1B0C /* Release */,
			);
			defaultConfigurationIsVisible = 0;
			defaultConfigurationName = Release;
		};
		656729B22B4E724C00CF1B0C /* Build configuration list for PBXNativeTarget "InvokerApp" */ = {
			isa = XCConfigurationList;
			buildConfigurations = (
				656729B32B4E724C00CF1B0C /* Debug */,
				656729B42B4E724C00CF1B0C /* Release */,
			);
			defaultConfigurationIsVisible = 0;
			defaultConfigurationName = Release;
		};
/* End XCConfigurationList section */
	};
	rootObject = 656729962B4E724A00CF1B0C /* Project object */;
}
